
Microsoft Visual Studio Solution File, Format Version 12.00
# Visual Studio 15
VisualStudioVersion = 15.0.27004.2006
MinimumVisualStudioVersion = 10.0.40219.1
Project("{2150E333-8FDC-42A3-9474-1A3956D46DE8}") = ".documentation", ".documentation", "{026B4A97-0C94-4C41-A869-433989C12BE7}"
	ProjectSection(SolutionItems) = preProject
		documentation\grammars.md = documentation\grammars.md
		LICENSE.md = LICENSE.md
		documentation\morse-code-grammar.md = documentation\morse-code-grammar.md
		README.md = README.md
		documentation\regex.md = documentation\regex.md
	EndProjectSection
EndProject
Project("{2150E333-8FDC-42A3-9474-1A3956D46DE8}") = "tests", "tests", "{6A7B3028-8B58-4134-9809-9462EC68FBC6}"
EndProject
Project("{2150E333-8FDC-42A3-9474-1A3956D46DE8}") = "libraries", "libraries", "{6AF43B18-EF28-4486-8C5C-E4AFD659F8D8}"
EndProject
Project("{2150E333-8FDC-42A3-9474-1A3956D46DE8}") = "hosts", "hosts", "{E3C2A6DF-5436-4BC8-AAB1-C3B524B0FBAB}"
EndProject
Project("{FAE04EC0-301F-11D3-BF4B-00C04F79EFBC}") = "Pliant.ProtocolBuffers", "libraries\Pliant.ProtocolBuffers\Pliant.ProtocolBuffers.csproj", "{6FCB3236-9D19-4B61-9A54-246EE6AD686A}"
EndProject
Project("{9A19103F-16F7-4668-BE54-9A1E7A4F7556}") = "Pliant.CodeGen", "libraries\Pliant.CodeGen\Pliant.CodeGen.csproj", "{CE77B81E-7278-4E99-80A0-D82FD6C2AF3C}"
EndProject
Project("{9A19103F-16F7-4668-BE54-9A1E7A4F7556}") = "Pliant.PerfViewApp", "hosts\Pliant.PerfViewApp\Pliant.PerfViewApp.csproj", "{4FC6B08A-1054-4E01-98F1-6FEAD12E54D3}"
EndProject
Project("{9A19103F-16F7-4668-BE54-9A1E7A4F7556}") = "Pliant.Benchmarks", "hosts\Pliant.Benchmarks\Pliant.Benchmarks.csproj", "{F1E451B1-52B6-4C3E-B1E1-FF0DDA3F3A3B}"
EndProject
Project("{9A19103F-16F7-4668-BE54-9A1E7A4F7556}") = "Pliant.Tests.Integration", "tests\Pliant.Tests.Integration\Pliant.Tests.Integration.csproj", "{CF2238F2-D59F-46CA-9354-209C7D91F2E8}"
EndProject
Project("{9A19103F-16F7-4668-BE54-9A1E7A4F7556}") = "Pliant.ProtocolBuffers.Tests.Unit", "tests\Pliant.ProtocolBuffers.Tests.Unit\Pliant.ProtocolBuffers.Tests.Unit.csproj", "{96D2A9B3-D85D-4F2E-88DE-E3C9F91CBF39}"
EndProject
Project("{9A19103F-16F7-4668-BE54-9A1E7A4F7556}") = "Pliant.Json", "libraries\Pliant.Json\Pliant.Json.csproj", "{DDC33E1B-CA04-4C28-8F5B-A5F8F55DBA10}"
EndProject
Project("{9A19103F-16F7-4668-BE54-9A1E7A4F7556}") = "Pliant", "libraries\Pliant\Pliant.csproj", "{BCABDEC3-1B03-4EAE-B7B6-BF4839678EC9}"
EndProject
Project("{9A19103F-16F7-4668-BE54-9A1E7A4F7556}") = "Pliant.Tests.Unit", "tests\Pliant.Tests.Unit\Pliant.Tests.Unit.csproj", "{F8C61B4E-A6DB-4C11-8397-82EE14E3047F}"
EndProject
Project("{9A19103F-16F7-4668-BE54-9A1E7A4F7556}") = "Pliant.Tests.Common", "tests\Pliant.Tests.Common\Pliant.Tests.Common.csproj", "{A7CDB69D-6BE9-42DB-87C7-889DAD71BDDE}"
EndProject
Global
	GlobalSection(SolutionConfigurationPlatforms) = preSolution
		Debug|Any CPU = Debug|Any CPU
		Release|Any CPU = Release|Any CPU
	EndGlobalSection
	GlobalSection(ProjectConfigurationPlatforms) = postSolution
		{6FCB3236-9D19-4B61-9A54-246EE6AD686A}.Debug|Any CPU.ActiveCfg = Debug|Any CPU
		{6FCB3236-9D19-4B61-9A54-246EE6AD686A}.Debug|Any CPU.Build.0 = Debug|Any CPU
		{6FCB3236-9D19-4B61-9A54-246EE6AD686A}.Release|Any CPU.ActiveCfg = Release|Any CPU
		{6FCB3236-9D19-4B61-9A54-246EE6AD686A}.Release|Any CPU.Build.0 = Release|Any CPU
		{CE77B81E-7278-4E99-80A0-D82FD6C2AF3C}.Debug|Any CPU.ActiveCfg = Debug|Any CPU
		{CE77B81E-7278-4E99-80A0-D82FD6C2AF3C}.Debug|Any CPU.Build.0 = Debug|Any CPU
		{CE77B81E-7278-4E99-80A0-D82FD6C2AF3C}.Release|Any CPU.ActiveCfg = Release|Any CPU
		{CE77B81E-7278-4E99-80A0-D82FD6C2AF3C}.Release|Any CPU.Build.0 = Release|Any CPU
		{4FC6B08A-1054-4E01-98F1-6FEAD12E54D3}.Debug|Any CPU.ActiveCfg = Debug|Any CPU
		{4FC6B08A-1054-4E01-98F1-6FEAD12E54D3}.Debug|Any CPU.Build.0 = Debug|Any CPU
		{4FC6B08A-1054-4E01-98F1-6FEAD12E54D3}.Release|Any CPU.ActiveCfg = Release|Any CPU
		{4FC6B08A-1054-4E01-98F1-6FEAD12E54D3}.Release|Any CPU.Build.0 = Release|Any CPU
		{F1E451B1-52B6-4C3E-B1E1-FF0DDA3F3A3B}.Debug|Any CPU.ActiveCfg = Debug|Any CPU
		{F1E451B1-52B6-4C3E-B1E1-FF0DDA3F3A3B}.Debug|Any CPU.Build.0 = Debug|Any CPU
		{F1E451B1-52B6-4C3E-B1E1-FF0DDA3F3A3B}.Release|Any CPU.ActiveCfg = Release|Any CPU
		{F1E451B1-52B6-4C3E-B1E1-FF0DDA3F3A3B}.Release|Any CPU.Build.0 = Release|Any CPU
		{CF2238F2-D59F-46CA-9354-209C7D91F2E8}.Debug|Any CPU.ActiveCfg = Debug|Any CPU
		{CF2238F2-D59F-46CA-9354-209C7D91F2E8}.Debug|Any CPU.Build.0 = Debug|Any CPU
		{CF2238F2-D59F-46CA-9354-209C7D91F2E8}.Release|Any CPU.ActiveCfg = Release|Any CPU
		{CF2238F2-D59F-46CA-9354-209C7D91F2E8}.Release|Any CPU.Build.0 = Release|Any CPU
		{96D2A9B3-D85D-4F2E-88DE-E3C9F91CBF39}.Debug|Any CPU.ActiveCfg = Debug|Any CPU
		{96D2A9B3-D85D-4F2E-88DE-E3C9F91CBF39}.Debug|Any CPU.Build.0 = Debug|Any CPU
		{96D2A9B3-D85D-4F2E-88DE-E3C9F91CBF39}.Release|Any CPU.ActiveCfg = Release|Any CPU
		{96D2A9B3-D85D-4F2E-88DE-E3C9F91CBF39}.Release|Any CPU.Build.0 = Release|Any CPU
		{DDC33E1B-CA04-4C28-8F5B-A5F8F55DBA10}.Debug|Any CPU.ActiveCfg = Debug|Any CPU
		{DDC33E1B-CA04-4C28-8F5B-A5F8F55DBA10}.Debug|Any CPU.Build.0 = Debug|Any CPU
		{DDC33E1B-CA04-4C28-8F5B-A5F8F55DBA10}.Release|Any CPU.ActiveCfg = Release|Any CPU
		{DDC33E1B-CA04-4C28-8F5B-A5F8F55DBA10}.Release|Any CPU.Build.0 = Release|Any CPU
		{BCABDEC3-1B03-4EAE-B7B6-BF4839678EC9}.Debug|Any CPU.ActiveCfg = Debug|Any CPU
		{BCABDEC3-1B03-4EAE-B7B6-BF4839678EC9}.Debug|Any CPU.Build.0 = Debug|Any CPU
		{BCABDEC3-1B03-4EAE-B7B6-BF4839678EC9}.Release|Any CPU.ActiveCfg = Release|Any CPU
		{BCABDEC3-1B03-4EAE-B7B6-BF4839678EC9}.Release|Any CPU.Build.0 = Release|Any CPU
		{F8C61B4E-A6DB-4C11-8397-82EE14E3047F}.Debug|Any CPU.ActiveCfg = Debug|Any CPU
		{F8C61B4E-A6DB-4C11-8397-82EE14E3047F}.Debug|Any CPU.Build.0 = Debug|Any CPU
		{F8C61B4E-A6DB-4C11-8397-82EE14E3047F}.Release|Any CPU.ActiveCfg = Release|Any CPU
		{F8C61B4E-A6DB-4C11-8397-82EE14E3047F}.Release|Any CPU.Build.0 = Release|Any CPU
		{A7CDB69D-6BE9-42DB-87C7-889DAD71BDDE}.Debug|Any CPU.ActiveCfg = Debug|Any CPU
		{A7CDB69D-6BE9-42DB-87C7-889DAD71BDDE}.Debug|Any CPU.Build.0 = Debug|Any CPU
		{A7CDB69D-6BE9-42DB-87C7-889DAD71BDDE}.Release|Any CPU.ActiveCfg = Release|Any CPU
		{A7CDB69D-6BE9-42DB-87C7-889DAD71BDDE}.Release|Any CPU.Build.0 = Release|Any CPU
	EndGlobalSection
	GlobalSection(SolutionProperties) = preSolution
		HideSolutionNode = FALSE
	EndGlobalSection
	GlobalSection(NestedProjects) = preSolution
		{6FCB3236-9D19-4B61-9A54-246EE6AD686A} = {6AF43B18-EF28-4486-8C5C-E4AFD659F8D8}
		{CE77B81E-7278-4E99-80A0-D82FD6C2AF3C} = {6AF43B18-EF28-4486-8C5C-E4AFD659F8D8}
		{4FC6B08A-1054-4E01-98F1-6FEAD12E54D3} = {E3C2A6DF-5436-4BC8-AAB1-C3B524B0FBAB}
		{F1E451B1-52B6-4C3E-B1E1-FF0DDA3F3A3B} = {E3C2A6DF-5436-4BC8-AAB1-C3B524B0FBAB}
		{CF2238F2-D59F-46CA-9354-209C7D91F2E8} = {6A7B3028-8B58-4134-9809-9462EC68FBC6}
		{96D2A9B3-D85D-4F2E-88DE-E3C9F91CBF39} = {6A7B3028-8B58-4134-9809-9462EC68FBC6}
		{DDC33E1B-CA04-4C28-8F5B-A5F8F55DBA10} = {6AF43B18-EF28-4486-8C5C-E4AFD659F8D8}
		{BCABDEC3-1B03-4EAE-B7B6-BF4839678EC9} = {6AF43B18-EF28-4486-8C5C-E4AFD659F8D8}
		{F8C61B4E-A6DB-4C11-8397-82EE14E3047F} = {6A7B3028-8B58-4134-9809-9462EC68FBC6}
		{A7CDB69D-6BE9-42DB-87C7-889DAD71BDDE} = {6A7B3028-8B58-4134-9809-9462EC68FBC6}
	EndGlobalSection
	GlobalSection(ExtensibilityGlobals) = postSolution
		SolutionGuid = {6C38722D-9FD5-40A1-B019-FB91EB3D719B}
	EndGlobalSection
EndGlobal
