
Microsoft Visual Studio Solution File, Format Version 12.00
# Visual Studio 14
VisualStudioVersion = 14.0.22823.1
MinimumVisualStudioVersion = 10.0.40219.1
Project("{2150E333-8FDC-42A3-9474-1A3956D46DE8}") = ".documentation", ".documentation", "{026B4A97-0C94-4C41-A869-433989C12BE7}"
	ProjectSection(SolutionItems) = preProject
		LICENSE.md = LICENSE.md
		README.md = README.md
	EndProjectSection
EndProject
Project("{FAE04EC0-301F-11D3-BF4B-00C04F79EFBC}") = "Pliant.Tests.Unit", "tests\Pliant.Tests.Unit\Pliant.Tests.Unit.csproj", "{81B4D87F-7277-4F43-A275-9E979B54DF39}"
EndProject
Project("{2150E333-8FDC-42A3-9474-1A3956D46DE8}") = "tests", "tests", "{6A7B3028-8B58-4134-9809-9462EC68FBC6}"
EndProject
Project("{2150E333-8FDC-42A3-9474-1A3956D46DE8}") = "libraries", "libraries", "{6AF43B18-EF28-4486-8C5C-E4AFD659F8D8}"
EndProject
Project("{FAE04EC0-301F-11D3-BF4B-00C04F79EFBC}") = "Pliant", "libraries\Pliant\Pliant.csproj", "{5C23805F-0FFC-4039-B853-E5ACBE63A3C0}"
EndProject
Global
	GlobalSection(SolutionConfigurationPlatforms) = preSolution
		Debug|Any CPU = Debug|Any CPU
		Release|Any CPU = Release|Any CPU
	EndGlobalSection
	GlobalSection(ProjectConfigurationPlatforms) = postSolution
		{81B4D87F-7277-4F43-A275-9E979B54DF39}.Debug|Any CPU.ActiveCfg = Debug|Any CPU
		{81B4D87F-7277-4F43-A275-9E979B54DF39}.Debug|Any CPU.Build.0 = Debug|Any CPU
		{81B4D87F-7277-4F43-A275-9E979B54DF39}.Release|Any CPU.ActiveCfg = Release|Any CPU
		{81B4D87F-7277-4F43-A275-9E979B54DF39}.Release|Any CPU.Build.0 = Release|Any CPU
		{5C23805F-0FFC-4039-B853-E5ACBE63A3C0}.Debug|Any CPU.ActiveCfg = Debug|Any CPU
		{5C23805F-0FFC-4039-B853-E5ACBE63A3C0}.Debug|Any CPU.Build.0 = Debug|Any CPU
		{5C23805F-0FFC-4039-B853-E5ACBE63A3C0}.Release|Any CPU.ActiveCfg = Release|Any CPU
		{5C23805F-0FFC-4039-B853-E5ACBE63A3C0}.Release|Any CPU.Build.0 = Release|Any CPU
	EndGlobalSection
	GlobalSection(SolutionProperties) = preSolution
		HideSolutionNode = FALSE
	EndGlobalSection
	GlobalSection(NestedProjects) = preSolution
		{81B4D87F-7277-4F43-A275-9E979B54DF39} = {6A7B3028-8B58-4134-9809-9462EC68FBC6}
		{5C23805F-0FFC-4039-B853-E5ACBE63A3C0} = {6AF43B18-EF28-4486-8C5C-E4AFD659F8D8}
	EndGlobalSection
EndGlobal
